
Microsoft Visual Studio Solution File, Format Version 11.00
# Visual Studio 2010
Project("{8BC9CEB8-8B4A-11D0-8D11-00A0C91BC942}") = "LB1", "LB1\LB1.vcxproj", "{EDCE254A-8EF2-4E31-BA0A-4AE1C42BEDAF}"
EndProject
Global
	GlobalSection(SolutionConfigurationPlatforms) = preSolution
		Debug|Win32 = Debug|Win32
		Release|Win32 = Release|Win32
	EndGlobalSection
	GlobalSection(ProjectConfigurationPlatforms) = postSolution
		{EDCE254A-8EF2-4E31-BA0A-4AE1C42BEDAF}.Debug|Win32.ActiveCfg = Debug|Win32
		{EDCE254A-8EF2-4E31-BA0A-4AE1C42BEDAF}.Debug|Win32.Build.0 = Debug|Win32
		{EDCE254A-8EF2-4E31-BA0A-4AE1C42BEDAF}.Release|Win32.ActiveCfg = Release|Win32
		{EDCE254A-8EF2-4E31-BA0A-4AE1C42BEDAF}.Release|Win32.Build.0 = Release|Win32
	EndGlobalSection
	GlobalSection(SolutionProperties) = preSolution
		HideSolutionNode = FALSE
	EndGlobalSection
EndGlobal
